
Microsoft Visual Studio Solution File, Format Version 11.00
# Visual Studio 2010
Project("{FAE04EC0-301F-11D3-BF4B-00C04F79EFBC}") = "MultiAgentConsole", "MultiAgentConsole\MultiAgentConsole.csproj", "{EC9A2821-312C-4605-8EC5-6E62728533E0}"
EndProject
Project("{FAE04EC0-301F-11D3-BF4B-00C04F79EFBC}") = "MultiAgentLibrary", "MultiAgentLibrary\MultiAgentLibrary.csproj", "{98FE0613-F8B6-4F36-B649-2CC3657432FF}"
EndProject
Project("{FAE04EC0-301F-11D3-BF4B-00C04F79EFBC}") = "FieldTidier", "FieldTidier\FieldTidier.csproj", "{0E2D1955-000D-42CA-9093-EA2115A0ACC1}"
EndProject
Project("{FAE04EC0-301F-11D3-BF4B-00C04F79EFBC}") = "MultiAgentBatch", "MultiAgentBatch\MultiAgentBatch.csproj", "{80556156-494A-4636-B4F4-CDA24C1CAD5C}"
EndProject
Project("{FAE04EC0-301F-11D3-BF4B-00C04F79EFBC}") = "MultiAgentUI", "MultiAgentUI\MultiAgentUI\MultiAgentUI.csproj", "{610339A0-0EFB-437D-94CA-40326890ED81}"
EndProject
Project("{96E2B04D-8817-42C6-938A-82C39BA4D311}") = "MultiAgentUIContent", "MultiAgentUI\MultiAgentUIContent\MultiAgentUIContent.contentproj", "{62EF1BF6-03CA-4135-88BD-A45C631F608B}"
EndProject
Global
	GlobalSection(SolutionConfigurationPlatforms) = preSolution
		Debug|Any CPU = Debug|Any CPU
		Debug|Mixed Platforms = Debug|Mixed Platforms
		Debug|Win32 = Debug|Win32
		Debug|x86 = Debug|x86
		Release|Any CPU = Release|Any CPU
		Release|Mixed Platforms = Release|Mixed Platforms
		Release|Win32 = Release|Win32
		Release|x86 = Release|x86
	EndGlobalSection
	GlobalSection(ProjectConfigurationPlatforms) = postSolution
		{EC9A2821-312C-4605-8EC5-6E62728533E0}.Debug|Any CPU.ActiveCfg = Debug|x86
		{EC9A2821-312C-4605-8EC5-6E62728533E0}.Debug|Any CPU.Build.0 = Debug|x86
		{EC9A2821-312C-4605-8EC5-6E62728533E0}.Debug|Mixed Platforms.ActiveCfg = Debug|x86
		{EC9A2821-312C-4605-8EC5-6E62728533E0}.Debug|Mixed Platforms.Build.0 = Debug|x86
		{EC9A2821-312C-4605-8EC5-6E62728533E0}.Debug|Win32.ActiveCfg = Debug|x86
		{EC9A2821-312C-4605-8EC5-6E62728533E0}.Debug|x86.ActiveCfg = Debug|x86
		{EC9A2821-312C-4605-8EC5-6E62728533E0}.Debug|x86.Build.0 = Debug|x86
		{EC9A2821-312C-4605-8EC5-6E62728533E0}.Release|Any CPU.ActiveCfg = Release|x86
		{EC9A2821-312C-4605-8EC5-6E62728533E0}.Release|Any CPU.Build.0 = Release|x86
		{EC9A2821-312C-4605-8EC5-6E62728533E0}.Release|Mixed Platforms.ActiveCfg = Release|x86
		{EC9A2821-312C-4605-8EC5-6E62728533E0}.Release|Mixed Platforms.Build.0 = Release|x86
		{EC9A2821-312C-4605-8EC5-6E62728533E0}.Release|Win32.ActiveCfg = Release|x86
		{EC9A2821-312C-4605-8EC5-6E62728533E0}.Release|x86.ActiveCfg = Release|x86
		{EC9A2821-312C-4605-8EC5-6E62728533E0}.Release|x86.Build.0 = Release|x86
		{98FE0613-F8B6-4F36-B649-2CC3657432FF}.Debug|Any CPU.ActiveCfg = Debug|Any CPU
		{98FE0613-F8B6-4F36-B649-2CC3657432FF}.Debug|Any CPU.Build.0 = Debug|Any CPU
		{98FE0613-F8B6-4F36-B649-2CC3657432FF}.Debug|Mixed Platforms.ActiveCfg = Debug|Any CPU
		{98FE0613-F8B6-4F36-B649-2CC3657432FF}.Debug|Mixed Platforms.Build.0 = Debug|Any CPU
		{98FE0613-F8B6-4F36-B649-2CC3657432FF}.Debug|Win32.ActiveCfg = Debug|Any CPU
		{98FE0613-F8B6-4F36-B649-2CC3657432FF}.Debug|x86.ActiveCfg = Debug|Any CPU
		{98FE0613-F8B6-4F36-B649-2CC3657432FF}.Release|Any CPU.ActiveCfg = Release|Any CPU
		{98FE0613-F8B6-4F36-B649-2CC3657432FF}.Release|Any CPU.Build.0 = Release|Any CPU
		{98FE0613-F8B6-4F36-B649-2CC3657432FF}.Release|Mixed Platforms.ActiveCfg = Release|Any CPU
		{98FE0613-F8B6-4F36-B649-2CC3657432FF}.Release|Mixed Platforms.Build.0 = Release|Any CPU
		{98FE0613-F8B6-4F36-B649-2CC3657432FF}.Release|Win32.ActiveCfg = Release|Any CPU
		{98FE0613-F8B6-4F36-B649-2CC3657432FF}.Release|x86.ActiveCfg = Release|Any CPU
		{0E2D1955-000D-42CA-9093-EA2115A0ACC1}.Debug|Any CPU.ActiveCfg = Debug|x86
		{0E2D1955-000D-42CA-9093-EA2115A0ACC1}.Debug|Mixed Platforms.ActiveCfg = Debug|x86
		{0E2D1955-000D-42CA-9093-EA2115A0ACC1}.Debug|Mixed Platforms.Build.0 = Debug|x86
		{0E2D1955-000D-42CA-9093-EA2115A0ACC1}.Debug|Win32.ActiveCfg = Debug|x86
		{0E2D1955-000D-42CA-9093-EA2115A0ACC1}.Debug|x86.ActiveCfg = Debug|x86
		{0E2D1955-000D-42CA-9093-EA2115A0ACC1}.Debug|x86.Build.0 = Debug|x86
		{0E2D1955-000D-42CA-9093-EA2115A0ACC1}.Release|Any CPU.ActiveCfg = Release|x86
		{0E2D1955-000D-42CA-9093-EA2115A0ACC1}.Release|Mixed Platforms.ActiveCfg = Release|x86
		{0E2D1955-000D-42CA-9093-EA2115A0ACC1}.Release|Mixed Platforms.Build.0 = Release|x86
		{0E2D1955-000D-42CA-9093-EA2115A0ACC1}.Release|Win32.ActiveCfg = Release|x86
		{0E2D1955-000D-42CA-9093-EA2115A0ACC1}.Release|x86.ActiveCfg = Release|x86
		{0E2D1955-000D-42CA-9093-EA2115A0ACC1}.Release|x86.Build.0 = Release|x86
		{80556156-494A-4636-B4F4-CDA24C1CAD5C}.Debug|Any CPU.ActiveCfg = Debug|x86
		{80556156-494A-4636-B4F4-CDA24C1CAD5C}.Debug|Mixed Platforms.ActiveCfg = Debug|x86
		{80556156-494A-4636-B4F4-CDA24C1CAD5C}.Debug|Mixed Platforms.Build.0 = Debug|x86
		{80556156-494A-4636-B4F4-CDA24C1CAD5C}.Debug|Win32.ActiveCfg = Debug|x86
		{80556156-494A-4636-B4F4-CDA24C1CAD5C}.Debug|x86.ActiveCfg = Debug|x86
		{80556156-494A-4636-B4F4-CDA24C1CAD5C}.Debug|x86.Build.0 = Debug|x86
		{80556156-494A-4636-B4F4-CDA24C1CAD5C}.Release|Any CPU.ActiveCfg = Release|x86
		{80556156-494A-4636-B4F4-CDA24C1CAD5C}.Release|Mixed Platforms.ActiveCfg = Release|x86
		{80556156-494A-4636-B4F4-CDA24C1CAD5C}.Release|Mixed Platforms.Build.0 = Release|x86
		{80556156-494A-4636-B4F4-CDA24C1CAD5C}.Release|Win32.ActiveCfg = Release|x86
		{80556156-494A-4636-B4F4-CDA24C1CAD5C}.Release|x86.ActiveCfg = Release|x86
		{80556156-494A-4636-B4F4-CDA24C1CAD5C}.Release|x86.Build.0 = Release|x86
		{610339A0-0EFB-437D-94CA-40326890ED81}.Debug|Any CPU.ActiveCfg = Debug|x86
		{610339A0-0EFB-437D-94CA-40326890ED81}.Debug|Mixed Platforms.ActiveCfg = Debug|x86
		{610339A0-0EFB-437D-94CA-40326890ED81}.Debug|Mixed Platforms.Build.0 = Debug|x86
		{610339A0-0EFB-437D-94CA-40326890ED81}.Debug|Win32.ActiveCfg = Debug|x86
		{610339A0-0EFB-437D-94CA-40326890ED81}.Debug|x86.ActiveCfg = Debug|x86
		{610339A0-0EFB-437D-94CA-40326890ED81}.Debug|x86.Build.0 = Debug|x86
		{610339A0-0EFB-437D-94CA-40326890ED81}.Release|Any CPU.ActiveCfg = Release|x86
		{610339A0-0EFB-437D-94CA-40326890ED81}.Release|Mixed Platforms.ActiveCfg = Release|x86
		{610339A0-0EFB-437D-94CA-40326890ED81}.Release|Mixed Platforms.Build.0 = Release|x86
		{610339A0-0EFB-437D-94CA-40326890ED81}.Release|Win32.ActiveCfg = Release|x86
		{610339A0-0EFB-437D-94CA-40326890ED81}.Release|x86.ActiveCfg = Release|x86
		{610339A0-0EFB-437D-94CA-40326890ED81}.Release|x86.Build.0 = Release|x86
		{62EF1BF6-03CA-4135-88BD-A45C631F608B}.Debug|Any CPU.ActiveCfg = Debug|x86
		{62EF1BF6-03CA-4135-88BD-A45C631F608B}.Debug|Mixed Platforms.ActiveCfg = Debug|x86
		{62EF1BF6-03CA-4135-88BD-A45C631F608B}.Debug|Win32.ActiveCfg = Debug|x86
		{62EF1BF6-03CA-4135-88BD-A45C631F608B}.Debug|x86.ActiveCfg = Debug|x86
		{62EF1BF6-03CA-4135-88BD-A45C631F608B}.Release|Any CPU.ActiveCfg = Release|x86
		{62EF1BF6-03CA-4135-88BD-A45C631F608B}.Release|Mixed Platforms.ActiveCfg = Release|x86
		{62EF1BF6-03CA-4135-88BD-A45C631F608B}.Release|Win32.ActiveCfg = Release|x86
		{62EF1BF6-03CA-4135-88BD-A45C631F608B}.Release|x86.ActiveCfg = Release|x86
	EndGlobalSection
	GlobalSection(SolutionProperties) = preSolution
		HideSolutionNode = FALSE
	EndGlobalSection
EndGlobal
